{
  "name": "ACC",
  "lockfileVersion": 3,
  "requires": true,
  "packages": {
    "node_modules/dat.gui": {
      "version": "0.7.9",
      "resolved": "https://registry.npmjs.org/dat.gui/-/dat.gui-0.7.9.tgz",
      "integrity": "sha512-sCNc1OHobc+Erc1HqiswYgHdVNpSJUlk/Hz8vzOCsER7rl+oF/4+v8GXFUyCgtXpoCX6+bnmg07DedLvBLwYKQ==",
      "license": "Apache-2.0"
    },
    "node_modules/monaco-editor": {
      "version": "0.25.2",
      "resolved": "https://registry.npmjs.org/monaco-editor/-/monaco-editor-0.25.2.tgz",
      "integrity": "sha512-5iylzSJevCnzJn9UVsW8yOZ3yHjmAs4TfvH3zsbftKiFKmHG0xirGN6DK9Kk04VSWxYCZZAIafYJoNJJMAU1KA==",
      "license": "MIT"
    },
    "node_modules/stats.js": {
      "version": "0.17.0",
      "resolved": "https://registry.npmjs.org/stats.js/-/stats.js-0.17.0.tgz",
      "integrity": "sha512-hNKz8phvYLPEcRkeG1rsGmV5ChMjKDAWU7/OJJdDErPBNChQXxCo3WZurGpnWc6gZhAzEPFad1aVgyOANH1sMw==",
      "license": "MIT"
    },
    "node_modules/three": {
      "version": "0.131.3",
      "resolved": "https://registry.npmjs.org/three/-/three-0.131.3.tgz",
      "integrity": "sha512-VkZAv8ZTJqiE/fyEmoWLxcNHImpVcjqW7RO0GzMu3tRpwO0KUvK9pjTmJzJcAbc51BOeB2G38zh80yjHTbP8gQ==",
      "license": "MIT"
    },
    "node_modules/three-mesh-bvh": {
      "version": "0.3.7",
      "resolved": "https://registry.npmjs.org/three-mesh-bvh/-/three-mesh-bvh-0.3.7.tgz",
      "integrity": "sha512-veRJRj0mY2rBj9yRZVg/E98wd6e7AzqzTq/+6ispY6m50gYuGitUNih2dRQzbkMcwRECLURvuudb9BFW3/swAw==",
      "license": "MIT",
      "peerDependencies": {
        "three": ">= 0.123.0"
      }
    },
    "node_modules/tsc": {
      "version": "2.0.4",
      "resolved": "https://registry.npmjs.org/tsc/-/tsc-2.0.4.tgz",
      "integrity": "sha512-fzoSieZI5KKJVBYGvwbVZs/J5za84f2lSTLPYf6AGiIf43tZ3GNrI1QzTLcjtyDDP4aLxd46RTZq1nQxe7+k5Q==",
      "license": "MIT",
      "bin": {
        "tsc": "bin/tsc"
      }
    },
    "node_modules/web-ifc": {
      "version": "0.0.51",
      "resolved": "https://registry.npmjs.org/web-ifc/-/web-ifc-0.0.51.tgz",
      "integrity": "sha512-eh1+4viQz+ICHsp7Ukq8ru71O9FWO+ejiU9r5lhxKGVIDdDtt7YegdR4RHAhxpZhHCXo6tDNvqgxyWUeCcwZ2Q=="
    },
    "node_modules/web-ifc-three": {
      "version": "0.0.51",
      "resolved": "https://registry.npmjs.org/web-ifc-three/-/web-ifc-three-0.0.51.tgz",
      "integrity": "sha512-hSjohnp6YGSsomTQvz7Dy/ULF4zbc34okLXZ8XK37J9Gg2lWMbMQaIC8e1ha3UgUOv64xpJKH3KMJRuwL/7D2w==",
      "license": "Mozilla Public License Version 2.0",
      "dependencies": {
        "three-mesh-bvh": "^0.3.7",
        "web-ifc": "0.0.21"
      },
      "peerDependencies": {
        "three": "^0.131.3"
      }
    },
    "node_modules/web-ifc-three/node_modules/web-ifc": {
      "version": "0.0.21",
      "resolved": "https://registry.npmjs.org/web-ifc/-/web-ifc-0.0.21.tgz",
      "integrity": "sha512-cKnt92CAoeAncspdIQUDBQ2niB7IYM+8EXeIGnc01HIk8u0zzKBIeyhFPFb7E01bGD9ZxWBMQzlRSPuCm/IakQ==",
      "dependencies": {
        "monaco-editor": "^0.25.2",
        "tsc": "^2.0.3"
      }
    }
  }
}
